# THIS IS AN AUTOGENERATED FILE. DO NOT EDIT THIS FILE DIRECTLY.
# yarn lockfile v1


bootstrap@4:
  version "4.6.0"
  resolved "https://registry.yarnpkg.com/bootstrap/-/bootstrap-4.6.0.tgz#97b9f29ac98f98dfa43bf7468262d84392552fd7"
  integrity sha512-Io55IuQY3kydzHtbGvQya3H+KorS/M9rSNyfCGCg9WZ4pyT/lCxIlpJgG1GXW/PswzC84Tr2fBYi+7+jFVQQBw==

jquery@^3.6.0:
  version "3.6.0"
  resolved "https://registry.yarnpkg.com/jquery/-/jquery-3.6.0.tgz#c72a09f15c1bdce142f49dbf1170bdf8adac2470"
  integrity sha512-JVzAR/AjBvVt2BmYhxRCSYysDsPcssdmTFnzyLEts9qNwmjmu4JTAMYubEfwVOSwpQ1I1sKKFcxhZCI2buerfw==

leaflet-control-geocoder@^2.3.0:
  version "2.3.0"
  resolved "https://registry.yarnpkg.com/leaflet-control-geocoder/-/leaflet-control-geocoder-2.3.0.tgz#4212d6d67f73eeda3b900773cd2f229b2fe66aa8"
  integrity sha512-Zi5cebDsfAq6B0ZilDGn/W5oNM8pQu6cltEHBxfR56XnN3f/Lmez1+qrdyRY6oTlP740caBHHCmd35Z/eif7/w==
  optionalDependencies:
    open-location-code "^1.0.0"

leaflet-easybutton@^2.4.0:
  version "2.4.0"
  resolved "https://registry.yarnpkg.com/leaflet-easybutton/-/leaflet-easybutton-2.4.0.tgz#3ad8ad31c9cf6d5ca7a6a1988f82eed13ff2c1af"
  integrity sha512-O+qsQq4zTF6ds8VClnytobTH/MKalctlPpiA8L+bNKHP14J3lgJpvEd/jSpq9mHTI6qOzRAvbQX6wS6qNwThvg==
  dependencies:
    leaflet "^1.0.1"

leaflet.markercluster@^1.5.0:
  version "1.5.0"
  resolved "https://registry.yarnpkg.com/leaflet.markercluster/-/leaflet.markercluster-1.5.0.tgz#54db42485da32fc3d92c7ae22d0d7982879e0b67"
  integrity sha512-Fvf/cq4o806mJL50n+fZW9+QALDDLPvt7vuAjlD2vfnxx3srMDs2vWINJze4nKYJYRY45OC6tM/669C3pLwMCA==

leaflet@^1.0.1, leaflet@^1.7.1:
  version "1.7.1"
  resolved "https://registry.yarnpkg.com/leaflet/-/leaflet-1.7.1.tgz#10d684916edfe1bf41d688a3b97127c0322a2a19"
  integrity sha512-/xwPEBidtg69Q3HlqPdU3DnrXQOvQU/CCHA1tcDQVzOwm91YMYaILjNp7L4Eaw5Z4sOYdbBz6koWyibppd8Zqw==

open-location-code@^1.0.0:
  version "1.0.3"
  resolved "https://registry.yarnpkg.com/open-location-code/-/open-location-code-1.0.3.tgz#5ea1a34ee5221c6cafa04392e1bd906fd7488f7e"
  integrity sha1-XqGjTuUiHGyvoEOS4b2Qb9dIj34=
